
Microsoft Visual Studio Solution File, Format Version 12.00
# Visual Studio Version 16
VisualStudioVersion = 16.0.31410.357
MinimumVisualStudioVersion = 10.0.40219.1
Project("{FAE04EC0-301F-11D3-BF4B-00C04F79EFBC}") = "P4GPC.PrerequisiteInstaller", "P4GPC.PrerequisiteInstaller.csproj", "{AD4CC056-F9FB-4D3E-9C42-61A16ABF2817}"
EndProject
Global
	GlobalSection(SolutionConfigurationPlatforms) = preSolution
		Debug|Any CPU = Debug|Any CPU
		Release|Any CPU = Release|Any CPU
	EndGlobalSection
	GlobalSection(ProjectConfigurationPlatforms) = postSolution
		{AD4CC056-F9FB-4D3E-9C42-61A16ABF2817}.Debug|Any CPU.ActiveCfg = Debug|Any CPU
		{AD4CC056-F9FB-4D3E-9C42-61A16ABF2817}.Debug|Any CPU.Build.0 = Debug|Any CPU
		{AD4CC056-F9FB-4D3E-9C42-61A16ABF2817}.Release|Any CPU.ActiveCfg = Release|Any CPU
		{AD4CC056-F9FB-4D3E-9C42-61A16ABF2817}.Release|Any CPU.Build.0 = Release|Any CPU
	EndGlobalSection
	GlobalSection(SolutionProperties) = preSolution
		HideSolutionNode = FALSE
	EndGlobalSection
	GlobalSection(ExtensibilityGlobals) = postSolution
		SolutionGuid = {159041A9-01AC-4924-B9BE-AFC2D58FA683}
	EndGlobalSection
EndGlobal
